
Microsoft Visual Studio Solution File, Format Version 12.00
# Visual Studio Version 17
VisualStudioVersion = 17.0.31903.59
MinimumVisualStudioVersion = 10.0.40219.1
Project("{FAE04EC0-301F-11D3-BF4B-00C04F79EFBC}") = "Registerly.Samples.AdvancedRegistration", "Registerly.Samples.AdvancedRegistration\Registerly.Samples.AdvancedRegistration.csproj", "{6B31836B-7DF9-4B51-9005-C1013B715EE3}"
EndProject
Project("{FAE04EC0-301F-11D3-BF4B-00C04F79EFBC}") = "Registerly.Samples.WebApi", "Registerly.Samples.WebApi\Registerly.Samples.WebApi.csproj", "{54F9639B-A742-47AF-9386-E69EED99AB5F}"
EndProject
Project("{FAE04EC0-301F-11D3-BF4B-00C04F79EFBC}") = "DeviantCoding.Registerly", "..\..\..\..\Registerly\src\DeviantCoding.Registerly.csproj", "{DE868EC5-455B-4A9C-8E6B-EF1A99D3DCE8}"
EndProject
Global
	GlobalSection(SolutionConfigurationPlatforms) = preSolution
		Debug|Any CPU = Debug|Any CPU
		Release|Any CPU = Release|Any CPU
	EndGlobalSection
	GlobalSection(ProjectConfigurationPlatforms) = postSolution
		{6B31836B-7DF9-4B51-9005-C1013B715EE3}.Debug|Any CPU.ActiveCfg = Debug|Any CPU
		{6B31836B-7DF9-4B51-9005-C1013B715EE3}.Debug|Any CPU.Build.0 = Debug|Any CPU
		{6B31836B-7DF9-4B51-9005-C1013B715EE3}.Release|Any CPU.ActiveCfg = Release|Any CPU
		{6B31836B-7DF9-4B51-9005-C1013B715EE3}.Release|Any CPU.Build.0 = Release|Any CPU
		{54F9639B-A742-47AF-9386-E69EED99AB5F}.Debug|Any CPU.ActiveCfg = Debug|Any CPU
		{54F9639B-A742-47AF-9386-E69EED99AB5F}.Debug|Any CPU.Build.0 = Debug|Any CPU
		{54F9639B-A742-47AF-9386-E69EED99AB5F}.Release|Any CPU.ActiveCfg = Release|Any CPU
		{54F9639B-A742-47AF-9386-E69EED99AB5F}.Release|Any CPU.Build.0 = Release|Any CPU
		{DE868EC5-455B-4A9C-8E6B-EF1A99D3DCE8}.Debug|Any CPU.ActiveCfg = Debug|Any CPU
		{DE868EC5-455B-4A9C-8E6B-EF1A99D3DCE8}.Debug|Any CPU.Build.0 = Debug|Any CPU
		{DE868EC5-455B-4A9C-8E6B-EF1A99D3DCE8}.Release|Any CPU.ActiveCfg = Release|Any CPU
		{DE868EC5-455B-4A9C-8E6B-EF1A99D3DCE8}.Release|Any CPU.Build.0 = Release|Any CPU
	EndGlobalSection
	GlobalSection(SolutionProperties) = preSolution
		HideSolutionNode = FALSE
	EndGlobalSection
EndGlobal
